
Microsoft Visual Studio Solution File, Format Version 12.00
# Visual Studio Version 16
VisualStudioVersion = 16.0.31624.102
MinimumVisualStudioVersion = 10.0.40219.1
Project("{E24C65DC-7377-472B-9ABA-BC803B73C61A}") = "RebelInformationWCF", "RebelInformationWCF\", "{16D8DA28-338C-43F8-ABCD-455A03561CB9}"
	ProjectSection(WebsiteProperties) = preProject
		TargetFrameworkMoniker = ".NETFramework,Version%3Dv4.7.2"
		Debug.AspNetCompiler.VirtualPath = "/localhost_65100"
		Debug.AspNetCompiler.PhysicalPath = "RebelInformationWCF\"
		Debug.AspNetCompiler.TargetPath = "PrecompiledWeb\localhost_65100\"
		Debug.AspNetCompiler.Updateable = "true"
		Debug.AspNetCompiler.ForceOverwrite = "true"
		Debug.AspNetCompiler.FixedNames = "false"
		Debug.AspNetCompiler.Debug = "True"
		Release.AspNetCompiler.VirtualPath = "/localhost_65100"
		Release.AspNetCompiler.PhysicalPath = "RebelInformationWCF\"
		Release.AspNetCompiler.TargetPath = "PrecompiledWeb\localhost_65100\"
		Release.AspNetCompiler.Updateable = "true"
		Release.AspNetCompiler.ForceOverwrite = "true"
		Release.AspNetCompiler.FixedNames = "false"
		Release.AspNetCompiler.Debug = "False"
		VWDPort = "65100"
		SlnRelativePath = "RebelInformationWCF\"
		DefaultWebSiteLanguage = "Visual C#"
	EndProjectSection
EndProject
Global
	GlobalSection(SolutionConfigurationPlatforms) = preSolution
		Debug|Any CPU = Debug|Any CPU
	EndGlobalSection
	GlobalSection(ProjectConfigurationPlatforms) = postSolution
		{16D8DA28-338C-43F8-ABCD-455A03561CB9}.Debug|Any CPU.ActiveCfg = Debug|Any CPU
		{16D8DA28-338C-43F8-ABCD-455A03561CB9}.Debug|Any CPU.Build.0 = Debug|Any CPU
	EndGlobalSection
	GlobalSection(SolutionProperties) = preSolution
		HideSolutionNode = FALSE
	EndGlobalSection
	GlobalSection(ExtensibilityGlobals) = postSolution
		SolutionGuid = {4F1458B0-23BE-47E4-8C97-A8DDA74E41CA}
	EndGlobalSection
EndGlobal
