
Microsoft Visual Studio Solution File, Format Version 12.00
# Visual Studio Version 16
VisualStudioVersion = 16.0.31624.102
MinimumVisualStudioVersion = 10.0.40219.1
Project("{FAE04EC0-301F-11D3-BF4B-00C04F79EFBC}") = "WcfContracts", "WcfContracts\WcfContracts.csproj", "{F2B5C45C-C046-4331-AD0A-BF909857973B}"
EndProject
Global
	GlobalSection(SolutionConfigurationPlatforms) = preSolution
		Debug|Any CPU = Debug|Any CPU
		Release|Any CPU = Release|Any CPU
	EndGlobalSection
	GlobalSection(ProjectConfigurationPlatforms) = postSolution
		{F2B5C45C-C046-4331-AD0A-BF909857973B}.Debug|Any CPU.ActiveCfg = Debug|Any CPU
		{F2B5C45C-C046-4331-AD0A-BF909857973B}.Debug|Any CPU.Build.0 = Debug|Any CPU
		{F2B5C45C-C046-4331-AD0A-BF909857973B}.Release|Any CPU.ActiveCfg = Release|Any CPU
		{F2B5C45C-C046-4331-AD0A-BF909857973B}.Release|Any CPU.Build.0 = Release|Any CPU
	EndGlobalSection
	GlobalSection(SolutionProperties) = preSolution
		HideSolutionNode = FALSE
	EndGlobalSection
	GlobalSection(ExtensibilityGlobals) = postSolution
		SolutionGuid = {86113467-DCE8-4EA2-9D48-2D8BDE44A2BE}
	EndGlobalSection
EndGlobal
